Microsoft Visual Studio Solution File, Format Version 12.00
# Visual Studio Version 16
VisualStudioVersion = 16.0.29920.165
MinimumVisualStudioVersion = 10.0.40219.1
Project("{9A19103F-16F7-4668-BE54-9A1E7A4F7556}") = "CustomDayViewProviders", "CustomDayViewProviders\CustomDayViewProviders\CustomDayViewProviders.csproj", "{5EE8C4A6-1749-4BC2-A0D9-9F2C4E479834}"
EndProject
Project("{FAE04EC0-301F-11D3-BF4B-00C04F79EFBC}") = "CustomDayViewProviders.Android", "CustomDayViewProviders\CustomDayViewProviders.Android\CustomDayViewProviders.Android.csproj", "{4C13AA49-3ACA-444A-B21A-755734BF48D6}"
EndProject
Project("{FAE04EC0-301F-11D3-BF4B-00C04F79EFBC}") = "CustomDayViewProviders.iOS", "CustomDayViewProviders\CustomDayViewProviders.iOS\CustomDayViewProviders.iOS.csproj", "{E7DE4BB3-8D81-4A17-8755-19AE89EDA44F}"
EndProject
Project("{9A19103F-16F7-4668-BE54-9A1E7A4F7556}") = "CustomMonthViewProviders", "CustomMonthViewProviders\CustomMonthViewProviders\CustomMonthViewProviders.csproj", "{F6E7754A-3DC6-4469-96B3-52BF8641C4CB}"
EndProject
Project("{FAE04EC0-301F-11D3-BF4B-00C04F79EFBC}") = "CustomMonthViewProviders.Android", "CustomMonthViewProviders\CustomMonthViewProviders.Android\CustomMonthViewProviders.Android.csproj", "{CD1E8546-BD97-415F-8AA9-2BB844A43CFF}"
EndProject
Project("{FAE04EC0-301F-11D3-BF4B-00C04F79EFBC}") = "CustomMonthViewProviders.iOS", "CustomMonthViewProviders\CustomMonthViewProviders.iOS\CustomMonthViewProviders.iOS.csproj", "{ADDD984D-8198-4D04-BB9A-A858FFB8158F}"
EndProject
Project("{9A19103F-16F7-4668-BE54-9A1E7A4F7556}") = "Scheduler_GettingStarted", "Scheduler_GettingStarted\Scheduler_GettingStarted\Scheduler_GettingStarted.csproj", "{96F928F3-3B23-4841-9A27-3D654EFBA25F}"
EndProject
Project("{FAE04EC0-301F-11D3-BF4B-00C04F79EFBC}") = "Scheduler_GettingStarted.Android", "Scheduler_GettingStarted\Scheduler_GettingStarted.Android\Scheduler_GettingStarted.Android.csproj", "{D2667851-11F2-41DA-913D-825990A8DE49}"
EndProject
Project("{FAE04EC0-301F-11D3-BF4B-00C04F79EFBC}") = "Scheduler_GettingStarted.iOS", "Scheduler_GettingStarted\Scheduler_GettingStarted.iOS\Scheduler_GettingStarted.iOS.csproj", "{CBAE95C9-E183-4E05-82E0-C0769AF2A471}"
EndProject
Project("{9A19103F-16F7-4668-BE54-9A1E7A4F7556}") = "Scheduler_CustomAppearance", "CustomAppearance\Scheduler_CustomAppearance\Scheduler_CustomAppearance.csproj", "{11565036-9D96-4A5C-809B-06C83D1B99CE}"
EndProject
Project("{FAE04EC0-301F-11D3-BF4B-00C04F79EFBC}") = "Scheduler_CustomAppearance.Android", "CustomAppearance\Scheduler_CustomAppearance.Android\Scheduler_CustomAppearance.Android.csproj", "{A76ED49C-3F5E-4CC6-8638-004F3FBFFC65}"
EndProject
Project("{FAE04EC0-301F-11D3-BF4B-00C04F79EFBC}") = "Scheduler_CustomAppearance.iOS", "CustomAppearance\Scheduler_CustomAppearance.iOS\Scheduler_CustomAppearance.iOS.csproj", "{754B3580-EB40-4B18-91D1-DF57BD7C7AAD}"
EndProject
Global
	GlobalSection(SolutionConfigurationPlatforms) = preSolution
		Debug|Any CPU = Debug|Any CPU
		Debug|iPhone = Debug|iPhone
		Debug|iPhoneSimulator = Debug|iPhoneSimulator
		Release|Any CPU = Release|Any CPU
		Release|iPhone = Release|iPhone
		Release|iPhoneSimulator = Release|iPhoneSimulator
	EndGlobalSection
	GlobalSection(ProjectConfigurationPlatforms) = postSolution
		{5EE8C4A6-1749-4BC2-A0D9-9F2C4E479834}.Debug|Any CPU.ActiveCfg = Debug|Any CPU
		{5EE8C4A6-1749-4BC2-A0D9-9F2C4E479834}.Debug|Any CPU.Build.0 = Debug|Any CPU
		{5EE8C4A6-1749-4BC2-A0D9-9F2C4E479834}.Debug|iPhone.ActiveCfg = Debug|Any CPU
		{5EE8C4A6-1749-4BC2-A0D9-9F2C4E479834}.Debug|iPhone.Build.0 = Debug|Any CPU
		{5EE8C4A6-1749-4BC2-A0D9-9F2C4E479834}.Debug|iPhoneSimulator.ActiveCfg = Debug|Any CPU
		{5EE8C4A6-1749-4BC2-A0D9-9F2C4E479834}.Debug|iPhoneSimulator.Build.0 = Debug|Any CPU
		{5EE8C4A6-1749-4BC2-A0D9-9F2C4E479834}.Release|Any CPU.ActiveCfg = Release|Any CPU
		{5EE8C4A6-1749-4BC2-A0D9-9F2C4E479834}.Release|Any CPU.Build.0 = Release|Any CPU
		{5EE8C4A6-1749-4BC2-A0D9-9F2C4E479834}.Release|iPhone.ActiveCfg = Release|Any CPU
		{5EE8C4A6-1749-4BC2-A0D9-9F2C4E479834}.Release|iPhone.Build.0 = Release|Any CPU
		{5EE8C4A6-1749-4BC2-A0D9-9F2C4E479834}.Release|iPhoneSimulator.ActiveCfg = Release|Any CPU
		{5EE8C4A6-1749-4BC2-A0D9-9F2C4E479834}.Release|iPhoneSimulator.Build.0 = Release|Any CPU
		{4C13AA49-3ACA-444A-B21A-755734BF48D6}.Debug|Any CPU.ActiveCfg = Debug|Any CPU
		{4C13AA49-3ACA-444A-B21A-755734BF48D6}.Debug|Any CPU.Build.0 = Debug|Any CPU
		{4C13AA49-3ACA-444A-B21A-755734BF48D6}.Debug|Any CPU.Deploy.0 = Debug|Any CPU
		{4C13AA49-3ACA-444A-B21A-755734BF48D6}.Debug|iPhone.ActiveCfg = Debug|Any CPU
		{4C13AA49-3ACA-444A-B21A-755734BF48D6}.Debug|iPhone.Build.0 = Debug|Any CPU
		{4C13AA49-3ACA-444A-B21A-755734BF48D6}.Debug|iPhone.Deploy.0 = Debug|Any CPU
		{4C13AA49-3ACA-444A-B21A-755734BF48D6}.Debug|iPhoneSimulator.ActiveCfg = Debug|Any CPU
		{4C13AA49-3ACA-444A-B21A-755734BF48D6}.Debug|iPhoneSimulator.Build.0 = Debug|Any CPU
		{4C13AA49-3ACA-444A-B21A-755734BF48D6}.Debug|iPhoneSimulator.Deploy.0 = Debug|Any CPU
		{4C13AA49-3ACA-444A-B21A-755734BF48D6}.Release|Any CPU.ActiveCfg = Release|Any CPU
		{4C13AA49-3ACA-444A-B21A-755734BF48D6}.Release|Any CPU.Build.0 = Release|Any CPU
		{4C13AA49-3ACA-444A-B21A-755734BF48D6}.Release|Any CPU.Deploy.0 = Release|Any CPU
		{4C13AA49-3ACA-444A-B21A-755734BF48D6}.Release|iPhone.ActiveCfg = Release|Any CPU
		{4C13AA49-3ACA-444A-B21A-755734BF48D6}.Release|iPhone.Build.0 = Release|Any CPU
		{4C13AA49-3ACA-444A-B21A-755734BF48D6}.Release|iPhone.Deploy.0 = Release|Any CPU
		{4C13AA49-3ACA-444A-B21A-755734BF48D6}.Release|iPhoneSimulator.ActiveCfg = Release|Any CPU
		{4C13AA49-3ACA-444A-B21A-755734BF48D6}.Release|iPhoneSimulator.Build.0 = Release|Any CPU
		{4C13AA49-3ACA-444A-B21A-755734BF48D6}.Release|iPhoneSimulator.Deploy.0 = Release|Any CPU
		{E7DE4BB3-8D81-4A17-8755-19AE89EDA44F}.Debug|Any CPU.ActiveCfg = Debug|iPhoneSimulator
		{E7DE4BB3-8D81-4A17-8755-19AE89EDA44F}.Debug|iPhone.ActiveCfg = Debug|iPhone
		{E7DE4BB3-8D81-4A17-8755-19AE89EDA44F}.Debug|iPhone.Build.0 = Debug|iPhone
		{E7DE4BB3-8D81-4A17-8755-19AE89EDA44F}.Debug|iPhoneSimulator.ActiveCfg = Debug|iPhoneSimulator
		{E7DE4BB3-8D81-4A17-8755-19AE89EDA44F}.Debug|iPhoneSimulator.Build.0 = Debug|iPhoneSimulator
		{E7DE4BB3-8D81-4A17-8755-19AE89EDA44F}.Release|Any CPU.ActiveCfg = Release|iPhoneSimulator
		{E7DE4BB3-8D81-4A17-8755-19AE89EDA44F}.Release|iPhone.ActiveCfg = Release|iPhone
		{E7DE4BB3-8D81-4A17-8755-19AE89EDA44F}.Release|iPhone.Build.0 = Release|iPhone
		{E7DE4BB3-8D81-4A17-8755-19AE89EDA44F}.Release|iPhoneSimulator.ActiveCfg = Release|iPhoneSimulator
		{E7DE4BB3-8D81-4A17-8755-19AE89EDA44F}.Release|iPhoneSimulator.Build.0 = Release|iPhoneSimulator
		{F6E7754A-3DC6-4469-96B3-52BF8641C4CB}.Debug|Any CPU.ActiveCfg = Debug|Any CPU
		{F6E7754A-3DC6-4469-96B3-52BF8641C4CB}.Debug|Any CPU.Build.0 = Debug|Any CPU
		{F6E7754A-3DC6-4469-96B3-52BF8641C4CB}.Debug|iPhone.ActiveCfg = Debug|Any CPU
		{F6E7754A-3DC6-4469-96B3-52BF8641C4CB}.Debug|iPhone.Build.0 = Debug|Any CPU
		{F6E7754A-3DC6-4469-96B3-52BF8641C4CB}.Debug|iPhoneSimulator.ActiveCfg = Debug|Any CPU
		{F6E7754A-3DC6-4469-96B3-52BF8641C4CB}.Debug|iPhoneSimulator.Build.0 = Debug|Any CPU
		{F6E7754A-3DC6-4469-96B3-52BF8641C4CB}.Release|Any CPU.ActiveCfg = Release|Any CPU
		{F6E7754A-3DC6-4469-96B3-52BF8641C4CB}.Release|Any CPU.Build.0 = Release|Any CPU
		{F6E7754A-3DC6-4469-96B3-52BF8641C4CB}.Release|iPhone.ActiveCfg = Release|Any CPU
		{F6E7754A-3DC6-4469-96B3-52BF8641C4CB}.Release|iPhone.Build.0 = Release|Any CPU
		{F6E7754A-3DC6-4469-96B3-52BF8641C4CB}.Release|iPhoneSimulator.ActiveCfg = Release|Any CPU
		{F6E7754A-3DC6-4469-96B3-52BF8641C4CB}.Release|iPhoneSimulator.Build.0 = Release|Any CPU
		{CD1E8546-BD97-415F-8AA9-2BB844A43CFF}.Debug|Any CPU.ActiveCfg = Debug|Any CPU
		{CD1E8546-BD97-415F-8AA9-2BB844A43CFF}.Debug|Any CPU.Build.0 = Debug|Any CPU
		{CD1E8546-BD97-415F-8AA9-2BB844A43CFF}.Debug|Any CPU.Deploy.0 = Debug|Any CPU
		{CD1E8546-BD97-415F-8AA9-2BB844A43CFF}.Debug|iPhone.ActiveCfg = Debug|Any CPU
		{CD1E8546-BD97-415F-8AA9-2BB844A43CFF}.Debug|iPhone.Build.0 = Debug|Any CPU
		{CD1E8546-BD97-415F-8AA9-2BB844A43CFF}.Debug|iPhone.Deploy.0 = Debug|Any CPU
		{CD1E8546-BD97-415F-8AA9-2BB844A43CFF}.Debug|iPhoneSimulator.ActiveCfg = Debug|Any CPU
		{CD1E8546-BD97-415F-8AA9-2BB844A43CFF}.Debug|iPhoneSimulator.Build.0 = Debug|Any CPU
		{CD1E8546-BD97-415F-8AA9-2BB844A43CFF}.Debug|iPhoneSimulator.Deploy.0 = Debug|Any CPU
		{CD1E8546-BD97-415F-8AA9-2BB844A43CFF}.Release|Any CPU.ActiveCfg = Release|Any CPU
		{CD1E8546-BD97-415F-8AA9-2BB844A43CFF}.Release|Any CPU.Build.0 = Release|Any CPU
		{CD1E8546-BD97-415F-8AA9-2BB844A43CFF}.Release|Any CPU.Deploy.0 = Release|Any CPU
		{CD1E8546-BD97-415F-8AA9-2BB844A43CFF}.Release|iPhone.ActiveCfg = Release|Any CPU
		{CD1E8546-BD97-415F-8AA9-2BB844A43CFF}.Release|iPhone.Build.0 = Release|Any CPU
		{CD1E8546-BD97-415F-8AA9-2BB844A43CFF}.Release|iPhone.Deploy.0 = Release|Any CPU
		{CD1E8546-BD97-415F-8AA9-2BB844A43CFF}.Release|iPhoneSimulator.ActiveCfg = Release|Any CPU
		{CD1E8546-BD97-415F-8AA9-2BB844A43CFF}.Release|iPhoneSimulator.Build.0 = Release|Any CPU
		{CD1E8546-BD97-415F-8AA9-2BB844A43CFF}.Release|iPhoneSimulator.Deploy.0 = Release|Any CPU
		{ADDD984D-8198-4D04-BB9A-A858FFB8158F}.Debug|Any CPU.ActiveCfg = Debug|iPhoneSimulator
		{ADDD984D-8198-4D04-BB9A-A858FFB8158F}.Debug|iPhone.ActiveCfg = Debug|iPhone
		{ADDD984D-8198-4D04-BB9A-A858FFB8158F}.Debug|iPhone.Build.0 = Debug|iPhone
		{ADDD984D-8198-4D04-BB9A-A858FFB8158F}.Debug|iPhoneSimulator.ActiveCfg = Debug|iPhoneSimulator
		{ADDD984D-8198-4D04-BB9A-A858FFB8158F}.Debug|iPhoneSimulator.Build.0 = Debug|iPhoneSimulator
		{ADDD984D-8198-4D04-BB9A-A858FFB8158F}.Release|Any CPU.ActiveCfg = Release|iPhoneSimulator
		{ADDD984D-8198-4D04-BB9A-A858FFB8158F}.Release|iPhone.ActiveCfg = Release|iPhone
		{ADDD984D-8198-4D04-BB9A-A858FFB8158F}.Release|iPhone.Build.0 = Release|iPhone
		{ADDD984D-8198-4D04-BB9A-A858FFB8158F}.Release|iPhoneSimulator.ActiveCfg = Release|iPhoneSimulator
		{ADDD984D-8198-4D04-BB9A-A858FFB8158F}.Release|iPhoneSimulator.Build.0 = Release|iPhoneSimulator
		{96F928F3-3B23-4841-9A27-3D654EFBA25F}.Debug|Any CPU.ActiveCfg = Debug|Any CPU
		{96F928F3-3B23-4841-9A27-3D654EFBA25F}.Debug|Any CPU.Build.0 = Debug|Any CPU
		{96F928F3-3B23-4841-9A27-3D654EFBA25F}.Debug|iPhone.ActiveCfg = Debug|Any CPU
		{96F928F3-3B23-4841-9A27-3D654EFBA25F}.Debug|iPhone.Build.0 = Debug|Any CPU
		{96F928F3-3B23-4841-9A27-3D654EFBA25F}.Debug|iPhoneSimulator.ActiveCfg = Debug|Any CPU
		{96F928F3-3B23-4841-9A27-3D654EFBA25F}.Debug|iPhoneSimulator.Build.0 = Debug|Any CPU
		{96F928F3-3B23-4841-9A27-3D654EFBA25F}.Release|Any CPU.ActiveCfg = Release|Any CPU
		{96F928F3-3B23-4841-9A27-3D654EFBA25F}.Release|Any CPU.Build.0 = Release|Any CPU
		{96F928F3-3B23-4841-9A27-3D654EFBA25F}.Release|iPhone.ActiveCfg = Release|Any CPU
		{96F928F3-3B23-4841-9A27-3D654EFBA25F}.Release|iPhone.Build.0 = Release|Any CPU
		{96F928F3-3B23-4841-9A27-3D654EFBA25F}.Release|iPhoneSimulator.ActiveCfg = Release|Any CPU
		{96F928F3-3B23-4841-9A27-3D654EFBA25F}.Release|iPhoneSimulator.Build.0 = Release|Any CPU
		{D2667851-11F2-41DA-913D-825990A8DE49}.Debug|Any CPU.ActiveCfg = Debug|Any CPU
		{D2667851-11F2-41DA-913D-825990A8DE49}.Debug|Any CPU.Build.0 = Debug|Any CPU
		{D2667851-11F2-41DA-913D-825990A8DE49}.Debug|Any CPU.Deploy.0 = Debug|Any CPU
		{D2667851-11F2-41DA-913D-825990A8DE49}.Debug|iPhone.ActiveCfg = Debug|Any CPU
		{D2667851-11F2-41DA-913D-825990A8DE49}.Debug|iPhone.Build.0 = Debug|Any CPU
		{D2667851-11F2-41DA-913D-825990A8DE49}.Debug|iPhone.Deploy.0 = Debug|Any CPU
		{D2667851-11F2-41DA-913D-825990A8DE49}.Debug|iPhoneSimulator.ActiveCfg = Debug|Any CPU
		{D2667851-11F2-41DA-913D-825990A8DE49}.Debug|iPhoneSimulator.Build.0 = Debug|Any CPU
		{D2667851-11F2-41DA-913D-825990A8DE49}.Debug|iPhoneSimulator.Deploy.0 = Debug|Any CPU
		{D2667851-11F2-41DA-913D-825990A8DE49}.Release|Any CPU.ActiveCfg = Release|Any CPU
		{D2667851-11F2-41DA-913D-825990A8DE49}.Release|Any CPU.Build.0 = Release|Any CPU
		{D2667851-11F2-41DA-913D-825990A8DE49}.Release|Any CPU.Deploy.0 = Release|Any CPU
		{D2667851-11F2-41DA-913D-825990A8DE49}.Release|iPhone.ActiveCfg = Release|Any CPU
		{D2667851-11F2-41DA-913D-825990A8DE49}.Release|iPhone.Build.0 = Release|Any CPU
		{D2667851-11F2-41DA-913D-825990A8DE49}.Release|iPhone.Deploy.0 = Release|Any CPU
		{D2667851-11F2-41DA-913D-825990A8DE49}.Release|iPhoneSimulator.ActiveCfg = Release|Any CPU
		{D2667851-11F2-41DA-913D-825990A8DE49}.Release|iPhoneSimulator.Build.0 = Release|Any CPU
		{D2667851-11F2-41DA-913D-825990A8DE49}.Release|iPhoneSimulator.Deploy.0 = Release|Any CPU
		{CBAE95C9-E183-4E05-82E0-C0769AF2A471}.Debug|Any CPU.ActiveCfg = Debug|iPhoneSimulator
		{CBAE95C9-E183-4E05-82E0-C0769AF2A471}.Debug|iPhone.ActiveCfg = Debug|iPhone
		{CBAE95C9-E183-4E05-82E0-C0769AF2A471}.Debug|iPhone.Build.0 = Debug|iPhone
		{CBAE95C9-E183-4E05-82E0-C0769AF2A471}.Debug|iPhoneSimulator.ActiveCfg = Debug|iPhoneSimulator
		{CBAE95C9-E183-4E05-82E0-C0769AF2A471}.Debug|iPhoneSimulator.Build.0 = Debug|iPhoneSimulator
		{CBAE95C9-E183-4E05-82E0-C0769AF2A471}.Release|Any CPU.ActiveCfg = Release|iPhoneSimulator
		{CBAE95C9-E183-4E05-82E0-C0769AF2A471}.Release|iPhone.ActiveCfg = Release|iPhone
		{CBAE95C9-E183-4E05-82E0-C0769AF2A471}.Release|iPhone.Build.0 = Release|iPhone
		{CBAE95C9-E183-4E05-82E0-C0769AF2A471}.Release|iPhoneSimulator.ActiveCfg = Release|iPhoneSimulator
		{CBAE95C9-E183-4E05-82E0-C0769AF2A471}.Release|iPhoneSimulator.Build.0 = Release|iPhoneSimulator
		{11565036-9D96-4A5C-809B-06C83D1B99CE}.Debug|Any CPU.ActiveCfg = Debug|Any CPU
		{11565036-9D96-4A5C-809B-06C83D1B99CE}.Debug|Any CPU.Build.0 = Debug|Any CPU
		{11565036-9D96-4A5C-809B-06C83D1B99CE}.Debug|iPhone.ActiveCfg = Debug|Any CPU
		{11565036-9D96-4A5C-809B-06C83D1B99CE}.Debug|iPhone.Build.0 = Debug|Any CPU
		{11565036-9D96-4A5C-809B-06C83D1B99CE}.Debug|iPhoneSimulator.ActiveCfg = Debug|Any CPU
		{11565036-9D96-4A5C-809B-06C83D1B99CE}.Debug|iPhoneSimulator.Build.0 = Debug|Any CPU
		{11565036-9D96-4A5C-809B-06C83D1B99CE}.Release|Any CPU.ActiveCfg = Release|Any CPU
		{11565036-9D96-4A5C-809B-06C83D1B99CE}.Release|Any CPU.Build.0 = Release|Any CPU
		{11565036-9D96-4A5C-809B-06C83D1B99CE}.Release|iPhone.ActiveCfg = Release|Any CPU
		{11565036-9D96-4A5C-809B-06C83D1B99CE}.Release|iPhone.Build.0 = Release|Any CPU
		{11565036-9D96-4A5C-809B-06C83D1B99CE}.Release|iPhoneSimulator.ActiveCfg = Release|Any CPU
		{11565036-9D96-4A5C-809B-06C83D1B99CE}.Release|iPhoneSimulator.Build.0 = Release|Any CPU
		{A76ED49C-3F5E-4CC6-8638-004F3FBFFC65}.Debug|Any CPU.ActiveCfg = Debug|Any CPU
		{A76ED49C-3F5E-4CC6-8638-004F3FBFFC65}.Debug|Any CPU.Build.0 = Debug|Any CPU
		{A76ED49C-3F5E-4CC6-8638-004F3FBFFC65}.Debug|Any CPU.Deploy.0 = Debug|Any CPU
		{A76ED49C-3F5E-4CC6-8638-004F3FBFFC65}.Debug|iPhone.ActiveCfg = Debug|Any CPU
		{A76ED49C-3F5E-4CC6-8638-004F3FBFFC65}.Debug|iPhone.Build.0 = Debug|Any CPU
		{A76ED49C-3F5E-4CC6-8638-004F3FBFFC65}.Debug|iPhone.Deploy.0 = Debug|Any CPU
		{A76ED49C-3F5E-4CC6-8638-004F3FBFFC65}.Debug|iPhoneSimulator.ActiveCfg = Debug|Any CPU
		{A76ED49C-3F5E-4CC6-8638-004F3FBFFC65}.Debug|iPhoneSimulator.Build.0 = Debug|Any CPU
		{A76ED49C-3F5E-4CC6-8638-004F3FBFFC65}.Debug|iPhoneSimulator.Deploy.0 = Debug|Any CPU
		{A76ED49C-3F5E-4CC6-8638-004F3FBFFC65}.Release|Any CPU.ActiveCfg = Release|Any CPU
		{A76ED49C-3F5E-4CC6-8638-004F3FBFFC65}.Release|Any CPU.Build.0 = Release|Any CPU
		{A76ED49C-3F5E-4CC6-8638-004F3FBFFC65}.Release|Any CPU.Deploy.0 = Release|Any CPU
		{A76ED49C-3F5E-4CC6-8638-004F3FBFFC65}.Release|iPhone.ActiveCfg = Release|Any CPU
		{A76ED49C-3F5E-4CC6-8638-004F3FBFFC65}.Release|iPhone.Build.0 = Release|Any CPU
		{A76ED49C-3F5E-4CC6-8638-004F3FBFFC65}.Release|iPhone.Deploy.0 = Release|Any CPU
		{A76ED49C-3F5E-4CC6-8638-004F3FBFFC65}.Release|iPhoneSimulator.ActiveCfg = Release|Any CPU
		{A76ED49C-3F5E-4CC6-8638-004F3FBFFC65}.Release|iPhoneSimulator.Build.0 = Release|Any CPU
		{A76ED49C-3F5E-4CC6-8638-004F3FBFFC65}.Release|iPhoneSimulator.Deploy.0 = Release|Any CPU
		{754B3580-EB40-4B18-91D1-DF57BD7C7AAD}.Debug|Any CPU.ActiveCfg = Debug|iPhoneSimulator
		{754B3580-EB40-4B18-91D1-DF57BD7C7AAD}.Debug|iPhone.ActiveCfg = Debug|iPhone
		{754B3580-EB40-4B18-91D1-DF57BD7C7AAD}.Debug|iPhone.Build.0 = Debug|iPhone
		{754B3580-EB40-4B18-91D1-DF57BD7C7AAD}.Debug|iPhoneSimulator.ActiveCfg = Debug|iPhoneSimulator
		{754B3580-EB40-4B18-91D1-DF57BD7C7AAD}.Debug|iPhoneSimulator.Build.0 = Debug|iPhoneSimulator
		{754B3580-EB40-4B18-91D1-DF57BD7C7AAD}.Release|Any CPU.ActiveCfg = Release|iPhoneSimulator
		{754B3580-EB40-4B18-91D1-DF57BD7C7AAD}.Release|iPhone.ActiveCfg = Release|iPhone
		{754B3580-EB40-4B18-91D1-DF57BD7C7AAD}.Release|iPhone.Build.0 = Release|iPhone
		{754B3580-EB40-4B18-91D1-DF57BD7C7AAD}.Release|iPhoneSimulator.ActiveCfg = Release|iPhoneSimulator
		{754B3580-EB40-4B18-91D1-DF57BD7C7AAD}.Release|iPhoneSimulator.Build.0 = Release|iPhoneSimulator
	EndGlobalSection
	GlobalSection(SolutionProperties) = preSolution
		HideSolutionNode = FALSE
	EndGlobalSection
	GlobalSection(ExtensibilityGlobals) = postSolution
		SolutionGuid = {FD683B14-266F-4C66-97A3-18538201F3C4}
	EndGlobalSection
EndGlobal
