
Microsoft Visual Studio Solution File, Format Version 12.00
# Visual Studio Version 16
VisualStudioVersion = 16.0.30804.86
MinimumVisualStudioVersion = 10.0.40219.1
Project("{9A19103F-16F7-4668-BE54-9A1E7A4F7556}") = "Scheduler_GettingStarted", "Scheduler_GettingStarted\Scheduler_GettingStarted.csproj", "{92EB2063-99C8-41CE-B004-2274A1E29CF4}"
EndProject
Project("{FAE04EC0-301F-11D3-BF4B-00C04F79EFBC}") = "Scheduler_GettingStarted.Android", "Scheduler_GettingStarted.Android\Scheduler_GettingStarted.Android.csproj", "{D2667851-11F2-41DA-913D-825990A8DE49}"
EndProject
Project("{FAE04EC0-301F-11D3-BF4B-00C04F79EFBC}") = "Scheduler_GettingStarted.iOS", "Scheduler_GettingStarted.iOS\Scheduler_GettingStarted.iOS.csproj", "{CBAE95C9-E183-4E05-82E0-C0769AF2A471}"
EndProject
Global
	GlobalSection(SolutionConfigurationPlatforms) = preSolution
		Debug|Any CPU = Debug|Any CPU
		Debug|iPhone = Debug|iPhone
		Debug|iPhoneSimulator = Debug|iPhoneSimulator
		Release|Any CPU = Release|Any CPU
		Release|iPhone = Release|iPhone
		Release|iPhoneSimulator = Release|iPhoneSimulator
	EndGlobalSection
	GlobalSection(ProjectConfigurationPlatforms) = postSolution
		{92EB2063-99C8-41CE-B004-2274A1E29CF4}.Debug|Any CPU.ActiveCfg = Debug|Any CPU
		{92EB2063-99C8-41CE-B004-2274A1E29CF4}.Debug|Any CPU.Build.0 = Debug|Any CPU
		{92EB2063-99C8-41CE-B004-2274A1E29CF4}.Debug|iPhone.ActiveCfg = Debug|Any CPU
		{92EB2063-99C8-41CE-B004-2274A1E29CF4}.Debug|iPhone.Build.0 = Debug|Any CPU
		{92EB2063-99C8-41CE-B004-2274A1E29CF4}.Debug|iPhoneSimulator.ActiveCfg = Debug|Any CPU
		{92EB2063-99C8-41CE-B004-2274A1E29CF4}.Debug|iPhoneSimulator.Build.0 = Debug|Any CPU
		{92EB2063-99C8-41CE-B004-2274A1E29CF4}.Release|Any CPU.ActiveCfg = Release|Any CPU
		{92EB2063-99C8-41CE-B004-2274A1E29CF4}.Release|Any CPU.Build.0 = Release|Any CPU
		{92EB2063-99C8-41CE-B004-2274A1E29CF4}.Release|iPhone.ActiveCfg = Release|Any CPU
		{92EB2063-99C8-41CE-B004-2274A1E29CF4}.Release|iPhone.Build.0 = Release|Any CPU
		{92EB2063-99C8-41CE-B004-2274A1E29CF4}.Release|iPhoneSimulator.ActiveCfg = Release|Any CPU
		{92EB2063-99C8-41CE-B004-2274A1E29CF4}.Release|iPhoneSimulator.Build.0 = Release|Any CPU
		{D2667851-11F2-41DA-913D-825990A8DE49}.Debug|Any CPU.ActiveCfg = Debug|Any CPU
		{D2667851-11F2-41DA-913D-825990A8DE49}.Debug|Any CPU.Build.0 = Debug|Any CPU
		{D2667851-11F2-41DA-913D-825990A8DE49}.Debug|Any CPU.Deploy.0 = Debug|Any CPU
		{D2667851-11F2-41DA-913D-825990A8DE49}.Debug|iPhone.ActiveCfg = Debug|Any CPU
		{D2667851-11F2-41DA-913D-825990A8DE49}.Debug|iPhone.Build.0 = Debug|Any CPU
		{D2667851-11F2-41DA-913D-825990A8DE49}.Debug|iPhone.Deploy.0 = Debug|Any CPU
		{D2667851-11F2-41DA-913D-825990A8DE49}.Debug|iPhoneSimulator.ActiveCfg = Debug|Any CPU
		{D2667851-11F2-41DA-913D-825990A8DE49}.Debug|iPhoneSimulator.Build.0 = Debug|Any CPU
		{D2667851-11F2-41DA-913D-825990A8DE49}.Debug|iPhoneSimulator.Deploy.0 = Debug|Any CPU
		{D2667851-11F2-41DA-913D-825990A8DE49}.Release|Any CPU.ActiveCfg = Release|Any CPU
		{D2667851-11F2-41DA-913D-825990A8DE49}.Release|Any CPU.Build.0 = Release|Any CPU
		{D2667851-11F2-41DA-913D-825990A8DE49}.Release|Any CPU.Deploy.0 = Release|Any CPU
		{D2667851-11F2-41DA-913D-825990A8DE49}.Release|iPhone.ActiveCfg = Release|Any CPU
		{D2667851-11F2-41DA-913D-825990A8DE49}.Release|iPhone.Build.0 = Release|Any CPU
		{D2667851-11F2-41DA-913D-825990A8DE49}.Release|iPhone.Deploy.0 = Release|Any CPU
		{D2667851-11F2-41DA-913D-825990A8DE49}.Release|iPhoneSimulator.ActiveCfg = Release|Any CPU
		{D2667851-11F2-41DA-913D-825990A8DE49}.Release|iPhoneSimulator.Build.0 = Release|Any CPU
		{D2667851-11F2-41DA-913D-825990A8DE49}.Release|iPhoneSimulator.Deploy.0 = Release|Any CPU
		{CBAE95C9-E183-4E05-82E0-C0769AF2A471}.Debug|Any CPU.ActiveCfg = Debug|iPhoneSimulator
		{CBAE95C9-E183-4E05-82E0-C0769AF2A471}.Debug|iPhone.ActiveCfg = Debug|iPhone
		{CBAE95C9-E183-4E05-82E0-C0769AF2A471}.Debug|iPhone.Build.0 = Debug|iPhone
		{CBAE95C9-E183-4E05-82E0-C0769AF2A471}.Debug|iPhoneSimulator.ActiveCfg = Debug|iPhoneSimulator
		{CBAE95C9-E183-4E05-82E0-C0769AF2A471}.Debug|iPhoneSimulator.Build.0 = Debug|iPhoneSimulator
		{CBAE95C9-E183-4E05-82E0-C0769AF2A471}.Release|Any CPU.ActiveCfg = Release|iPhoneSimulator
		{CBAE95C9-E183-4E05-82E0-C0769AF2A471}.Release|iPhone.ActiveCfg = Release|iPhone
		{CBAE95C9-E183-4E05-82E0-C0769AF2A471}.Release|iPhone.Build.0 = Release|iPhone
		{CBAE95C9-E183-4E05-82E0-C0769AF2A471}.Release|iPhoneSimulator.ActiveCfg = Release|iPhoneSimulator
		{CBAE95C9-E183-4E05-82E0-C0769AF2A471}.Release|iPhoneSimulator.Build.0 = Release|iPhoneSimulator
	EndGlobalSection
	GlobalSection(SolutionProperties) = preSolution
		HideSolutionNode = FALSE
	EndGlobalSection
	GlobalSection(ExtensibilityGlobals) = postSolution
		SolutionGuid = {3F03BB7F-955E-4687-9D60-FB330A0F0F8B}
	EndGlobalSection
EndGlobal
